
Microsoft Visual Studio Solution File, Format Version 12.00
# Visual Studio Version 16
VisualStudioVersion = 16.0.29709.97
MinimumVisualStudioVersion = 10.0.40219.1
Project("{FAE04EC0-301F-11D3-BF4B-00C04F79EFBC}") = "DDImportFormData", "DDImportFormData\DDImportFormData.csproj", "{461F3B9F-E86D-453F-BCA0-6FA1DABFE498}"
EndProject
Global
	GlobalSection(SolutionConfigurationPlatforms) = preSolution
		Debug|Any CPU = Debug|Any CPU
		Release|Any CPU = Release|Any CPU
	EndGlobalSection
	GlobalSection(ProjectConfigurationPlatforms) = postSolution
		{461F3B9F-E86D-453F-BCA0-6FA1DABFE498}.Debug|Any CPU.ActiveCfg = Debug|Any CPU
		{461F3B9F-E86D-453F-BCA0-6FA1DABFE498}.Debug|Any CPU.Build.0 = Debug|Any CPU
		{461F3B9F-E86D-453F-BCA0-6FA1DABFE498}.Release|Any CPU.ActiveCfg = Release|Any CPU
		{461F3B9F-E86D-453F-BCA0-6FA1DABFE498}.Release|Any CPU.Build.0 = Release|Any CPU
	EndGlobalSection
	GlobalSection(SolutionProperties) = preSolution
		HideSolutionNode = FALSE
	EndGlobalSection
	GlobalSection(ExtensibilityGlobals) = postSolution
		SolutionGuid = {80E9D16E-2E84-47B6-BDE5-8E3C2AA0FBB0}
	EndGlobalSection
EndGlobal
